
Microsoft Visual Studio Solution File, Format Version 12.00
# Visual Studio 14
VisualStudioVersion = 14.0.25420.1
MinimumVisualStudioVersion = 10.0.40219.1
Project("{FAE04EC0-301F-11D3-BF4B-00C04F79EFBC}") = "UnitTesting.GettingStarted.Tests", "UnitTesting.GettingStarted.Tests\UnitTesting.GettingStarted.Tests.csproj", "{FB5356C6-67D2-445A-896E-6B22F0EA72BA}"
EndProject
Project("{FAE04EC0-301F-11D3-BF4B-00C04F79EFBC}") = "UnitTesting.GettingStarted", "UnitTesting.GettingStarted\UnitTesting.GettingStarted.csproj", "{0CDFC702-AED5-4908-8266-4C2F8736CE60}"
EndProject
Global
	GlobalSection(SolutionConfigurationPlatforms) = preSolution
		Debug|Any CPU = Debug|Any CPU
		Release|Any CPU = Release|Any CPU
	EndGlobalSection
	GlobalSection(ProjectConfigurationPlatforms) = postSolution
		{FB5356C6-67D2-445A-896E-6B22F0EA72BA}.Debug|Any CPU.ActiveCfg = Debug|Any CPU
		{FB5356C6-67D2-445A-896E-6B22F0EA72BA}.Debug|Any CPU.Build.0 = Debug|Any CPU
		{FB5356C6-67D2-445A-896E-6B22F0EA72BA}.Release|Any CPU.ActiveCfg = Release|Any CPU
		{FB5356C6-67D2-445A-896E-6B22F0EA72BA}.Release|Any CPU.Build.0 = Release|Any CPU
		{0CDFC702-AED5-4908-8266-4C2F8736CE60}.Debug|Any CPU.ActiveCfg = Debug|Any CPU
		{0CDFC702-AED5-4908-8266-4C2F8736CE60}.Debug|Any CPU.Build.0 = Debug|Any CPU
		{0CDFC702-AED5-4908-8266-4C2F8736CE60}.Release|Any CPU.ActiveCfg = Release|Any CPU
		{0CDFC702-AED5-4908-8266-4C2F8736CE60}.Release|Any CPU.Build.0 = Release|Any CPU
	EndGlobalSection
	GlobalSection(SolutionProperties) = preSolution
		HideSolutionNode = FALSE
	EndGlobalSection
EndGlobal
